// !$*UTF8*$!
{
	archiveVersion = 1;
	classes = {
	};
	objectVersion = 77;
	objects = {

/* Begin PBXContainerItemProxy section */
		AB67D95D2E96067300CE6874 /* PBXContainerItemProxy */ = {
			isa = PBXContainerItemProxy;
			containerPortal = AB67D9472E96067100CE6874 /* Project object */;
			proxyType = 1;
			remoteGlobalIDString = AB67D94E2E96067100CE6874;
			remoteInfo = "water-pump-controller";
		};
		AB67D9672E96067300CE6874 /* PBXContainerItemProxy */ = {
			isa = PBXContainerItemProxy;
			containerPortal = AB67D9472E96067100CE6874 /* Project object */;
			proxyType = 1;
			remoteGlobalIDString = AB67D94E2E96067100CE6874;
			remoteInfo = "water-pump-controller";
		};
/* End PBXContainerItemProxy section */

/* Begin PBXFileReference section */
		AB67D94F2E96067100CE6874 /* water-pump-controller.app */ = {isa = PBXFileReference; explicitFileType = wrapper.application; includeInIndex = 0; path = "water-pump-controller.app"; sourceTree = BUILT_PRODUCTS_DIR; };
		AB67D95C2E96067300CE6874 /* water-pump-controllerTests.xctest */ = {isa = PBXFileReference; explicitFileType = wrapper.cfbundle; includeInIndex = 0; path = "water-pump-controllerTests.xctest"; sourceTree = BUILT_PRODUCTS_DIR; };
		AB67D9662E96067300CE6874 /* water-pump-controllerUITests.xctest */ = {isa = PBXFileReference; explicitFileType = wrapper.cfbundle; includeInIndex = 0; path = "water-pump-controllerUITests.xctest"; sourceTree = BUILT_PRODUCTS_DIR; };
/* End PBXFileReference section */

/* Begin PBXFileSystemSynchronizedRootGroup section */
		AB67D9512E96067100CE6874 /* water-pump-controller */ = {
			isa = PBXFileSystemSynchronizedRootGroup;
			path = "water-pump-controller";
			sourceTree = "<group>";
		};
		AB67D95F2E96067300CE6874 /* water-pump-controllerTests */ = {
			isa = PBXFileSystemSynchronizedRootGroup;
			path = "water-pump-controllerTests";
			sourceTree = "<group>";
		};
		AB67D9692E96067300CE6874 /* water-pump-controllerUITests */ = {
			isa = PBXFileSystemSynchronizedRootGroup;
			path = "water-pump-controllerUITests";
			sourceTree = "<group>";
		};
/* End PBXFileSystemSynchronizedRootGroup section */

/* Begin PBXFrameworksBuildPhase section */
		AB67D94C2E96067100CE6874 /* Frameworks */ = {
			isa = PBXFrameworksBuildPhase;
			buildActionMask = 2147483647;
			files = (
			);
			runOnlyForDeploymentPostprocessing = 0;
		};
		AB67D9592E96067300CE6874 /* Frameworks */ = {
			isa = PBXFrameworksBuildPhase;
			buildActionMask = 2147483647;
			files = (
			);
			runOnlyForDeploymentPostprocessing = 0;
		};
		AB67D9632E96067300CE6874 /* Frameworks */ = {
			isa = PBXFrameworksBuildPhase;
			buildActionMask = 2147483647;
			files = (
			);
			runOnlyForDeploymentPostprocessing = 0;
		};
/* End PBXFrameworksBuildPhase section */

/* Begin PBXGroup section */
		AB67D9462E96067100CE6874 = {
			isa = PBXGroup;
			children = (
				AB67D9512E96067100CE6874 /* water-pump-controller */,
				AB67D95F2E96067300CE6874 /* water-pump-controllerTests */,
				AB67D9692E96067300CE6874 /* water-pump-controllerUITests */,
				AB67D9502E96067100CE6874 /* Products */,
			);
			sourceTree = "<group>";
		};
		AB67D9502E96067100CE6874 /* Products */ = {
			isa = PBXGroup;
			children = (
				AB67D94F2E96067100CE6874 /* water-pump-controller.app */,
				AB67D95C2E96067300CE6874 /* water-pump-controllerTests.xctest */,
				AB67D9662E96067300CE6874 /* water-pump-controllerUITests.xctest */,
			);
			name = Products;
			sourceTree = "<group>";
		};
/* End PBXGroup section */

/* Begin PBXNativeTarget section */
		AB67D94E2E96067100CE6874 /* water-pump-controller */ = {
			isa = PBXNativeTarget;
			buildConfigurationList = AB67D9702E96067300CE6874 /* Build configuration list for PBXNativeTarget "water-pump-controller" */;
			buildPhases = (
				AB67D94B2E96067100CE6874 /* Sources */,
				AB67D94C2E96067100CE6874 /* Frameworks */,
				AB67D94D2E96067100CE6874 /* Resources */,
			);
			buildRules = (
			);
			dependencies = (
			);
			fileSystemSynchronizedGroups = (
				AB67D9512E96067100CE6874 /* water-pump-controller */,
			);
			name = "water-pump-controller";
			packageProductDependencies = (
			);
			productName = "water-pump-controller";
			productReference = AB67D94F2E96067100CE6874 /* water-pump-controller.app */;
			productType = "com.apple.product-type.application";
		};
		AB67D95B2E96067300CE6874 /* water-pump-controllerTests */ = {
			isa = PBXNativeTarget;
			buildConfigurationList = AB67D9732E96067300CE6874 /* Build configuration list for PBXNativeTarget "water-pump-controllerTests" */;
			buildPhases = (
				AB67D9582E96067300CE6874 /* Sources */,
				AB67D9592E96067300CE6874 /* Frameworks */,
				AB67D95A2E96067300CE6874 /* Resources */,
			);
			buildRules = (
			);
			dependencies = (
				AB67D95E2E96067300CE6874 /* PBXTargetDependency */,
			);
			fileSystemSynchronizedGroups = (
				AB67D95F2E96067300CE6874 /* water-pump-controllerTests */,
			);
			name = "water-pump-controllerTests";
			packageProductDependencies = (
			);
			productName = "water-pump-controllerTests";
			productReference = AB67D95C2E96067300CE6874 /* water-pump-controllerTests.xctest */;
			productType = "com.apple.product-type.bundle.unit-test";
		};
		AB67D9652E96067300CE6874 /* water-pump-controllerUITests */ = {
			isa = PBXNativeTarget;
			buildConfigurationList = AB67D9762E96067300CE6874 /* Build configuration list for PBXNativeTarget "water-pump-controllerUITests" */;
			buildPhases = (
				AB67D9622E96067300CE6874 /* Sources */,
				AB67D9632E96067300CE6874 /* Frameworks */,
				AB67D9642E96067300CE6874 /* Resources */,
			);
			buildRules = (
			);
			dependencies = (
				AB67D9682E96067300CE6874 /* PBXTargetDependency */,
			);
			fileSystemSynchronizedGroups = (
				AB67D9692E96067300CE6874 /* water-pump-controllerUITests */,
			);
			name = "water-pump-controllerUITests";
			packageProductDependencies = (
			);
			productName = "water-pump-controllerUITests";
			productReference = AB67D9662E96067300CE6874 /* water-pump-controllerUITests.xctest */;
			productType = "com.apple.product-type.bundle.ui-testing";
		};
/* End PBXNativeTarget section */

/* Begin PBXProject section */
		AB67D9472E96067100CE6874 /* Project object */ = {
			isa = PBXProject;
			attributes = {
				BuildIndependentTargetsInParallel = 1;
				LastSwiftUpdateCheck = 1640;
				LastUpgradeCheck = 1640;
				TargetAttributes = {
					AB67D94E2E96067100CE6874 = {
						CreatedOnToolsVersion = 16.4;
					};
					AB67D95B2E96067300CE6874 = {
						CreatedOnToolsVersion = 16.4;
						TestTargetID = AB67D94E2E96067100CE6874;
					};
					AB67D9652E96067300CE6874 = {
						CreatedOnToolsVersion = 16.4;
						TestTargetID = AB67D94E2E96067100CE6874;
					};
				};
			};
			buildConfigurationList = AB67D94A2E96067100CE6874 /* Build configuration list for PBXProject "water-pump-controller" */;
			developmentRegion = en;
			hasScannedForEncodings = 0;
			knownRegions = (
				en,
				Base,
			);
			mainGroup = AB67D9462E96067100CE6874;
			minimizedProjectReferenceProxies = 1;
			preferredProjectObjectVersion = 77;
			productRefGroup = AB67D9502E96067100CE6874 /* Products */;
			projectDirPath = "";
			projectRoot = "";
			targets = (
				AB67D94E2E96067100CE6874 /* water-pump-controller */,
				AB67D95B2E96067300CE6874 /* water-pump-controllerTests */,
				AB67D9652E96067300CE6874 /* water-pump-controllerUITests */,
			);
		};
/* End PBXProject section */

/* Begin PBXResourcesBuildPhase section */
		AB67D94D2E96067100CE6874 /* Resources */ = {
			isa = PBXResourcesBuildPhase;
			buildActionMask = 2147483647;
			files = (
			);
			runOnlyForDeploymentPostprocessing = 0;
		};
		AB67D95A2E96067300CE6874 /* Resources */ = {
			isa = PBXResourcesBuildPhase;
			buildActionMask = 2147483647;
			files = (
			);
			runOnlyForDeploymentPostprocessing = 0;
		};
		AB67D9642E96067300CE6874 /* Resources */ = {
			isa = PBXResourcesBuildPhase;
			buildActionMask = 2147483647;
			files = (
			);
			runOnlyForDeploymentPostprocessing = 0;
		};
/* End PBXResourcesBuildPhase section */

/* Begin PBXSourcesBuildPhase section */
		AB67D94B2E96067100CE6874 /* Sources */ = {
			isa = PBXSourcesBuildPhase;
			buildActionMask = 2147483647;
			files = (
			);
			runOnlyForDeploymentPostprocessing = 0;
		};
		AB67D9582E96067300CE6874 /* Sources */ = {
			isa = PBXSourcesBuildPhase;
			buildActionMask = 2147483647;
			files = (
			);
			runOnlyForDeploymentPostprocessing = 0;
		};
		AB67D9622E96067300CE6874 /* Sources */ = {
			isa = PBXSourcesBuildPhase;
			buildActionMask = 2147483647;
			files = (
			);
			runOnlyForDeploymentPostprocessing = 0;
		};
/* End PBXSourcesBuildPhase section */

/* Begin PBXTargetDependency section */
		AB67D95E2E96067300CE6874 /* PBXTargetDependency */ = {
			isa = PBXTargetDependency;
			target = AB67D94E2E96067100CE6874 /* water-pump-controller */;
			targetProxy = AB67D95D2E96067300CE6874 /* PBXContainerItemProxy */;
		};
		AB67D9682E96067300CE6874 /* PBXTargetDependency */ = {
			isa = PBXTargetDependency;
			target = AB67D94E2E96067100CE6874 /* water-pump-controller */;
			targetProxy = AB67D9672E96067300CE6874 /* PBXContainerItemProxy */;
		};
/* End PBXTargetDependency section */

/* Begin XCBuildConfiguration section */
		AB67D96E2E96067300CE6874 /* Debug */ = {
			isa = XCBuildConfiguration;
			buildSettings = {
				ALWAYS_SEARCH_USER_PATHS = NO;
				ASSETCATALOG_COMPILER_GENERATE_SWIFT_ASSET_SYMBOL_EXTENSIONS = YES;
				CLANG_ANALYZER_NONNULL = YES;
				CLANG_ANALYZER_NUMBER_OBJECT_CONVERSION = YES_AGGRESSIVE;
				CLANG_CXX_LANGUAGE_STANDARD = "gnu++20";
				CLANG_ENABLE_MODULES = YES;
				CLANG_ENABLE_OBJC_ARC = YES;
				CLANG_ENABLE_OBJC_WEAK = YES;
				CLANG_WARN_BLOCK_CAPTURE_AUTORELEASING = YES;
				CLANG_WARN_BOOL_CONVERSION = YES;
				CLANG_WARN_COMMA = YES;
				CLANG_WARN_CONSTANT_CONVERSION = YES;
				CLANG_WARN_DEPRECATED_OBJC_IMPLEMENTATIONS = YES;
				CLANG_WARN_DIRECT_OBJC_ISA_USAGE = YES_ERROR;
				CLANG_WARN_DOCUMENTATION_COMMENTS = YES;
				CLANG_WARN_EMPTY_BODY = YES;
				CLANG_WARN_ENUM_CONVERSION = YES;
				CLANG_WARN_INFINITE_RECURSION = YES;
				CLANG_WARN_INT_CONVERSION = YES;
				CLANG_WARN_NON_LITERAL_NULL_CONVERSION = YES;
				CLANG_WARN_OBJC_IMPLICIT_RETAIN_SELF = YES;
				CLANG_WARN_OBJC_LITERAL_CONVERSION = YES;
				CLANG_WARN_OBJC_ROOT_CLASS = YES_ERROR;
				CLANG_WARN_QUOTED_INCLUDE_IN_FRAMEWORK_HEADER = YES;
				CLANG_WARN_RANGE_LOOP_ANALYSIS = YES;
				CLANG_WARN_STRICT_PROTOTYPES = YES;
				CLANG_WARN_SUSPICIOUS_MOVE = YES;
				CLANG_WARN_UNGUARDED_AVAILABILITY = YES_AGGRESSIVE;
				CLANG_WARN_UNREACHABLE_CODE = YES;
				CLANG_WARN__DUPLICATE_METHOD_MATCH = YES;
				COPY_PHASE_STRIP = NO;
				DEBUG_INFORMATION_FORMAT = dwarf;
				DEVELOPMENT_TEAM = PGMR9WGF47;
				ENABLE_STRICT_OBJC_MSGSEND = YES;
				ENABLE_TESTABILITY = YES;
				ENABLE_USER_SCRIPT_SANDBOXING = YES;
				GCC_C_LANGUAGE_STANDARD = gnu17;
				GCC_DYNAMIC_NO_PIC = NO;
				GCC_NO_COMMON_BLOCKS = YES;
				GCC_OPTIMIZATION_LEVEL = 0;
				GCC_PREPROCESSOR_DEFINITIONS = (
					"DEBUG=1",
					"$(inherited)",
				);
				GCC_WARN_64_TO_32_BIT_CONVERSION = YES;
				GCC_WARN_ABOUT_RETURN_TYPE = YES_ERROR;
				GCC_WARN_UNDECLARED_SELECTOR = YES;
				GCC_WARN_UNINITIALIZED_AUTOS = YES_AGGRESSIVE;
				GCC_WARN_UNUSED_FUNCTION = YES;
				GCC_WARN_UNUSED_VARIABLE = YES;
				IPHONEOS_DEPLOYMENT_TARGET = 18.5;
				LOCALIZATION_PREFERS_STRING_CATALOGS = YES;
				MTL_ENABLE_DEBUG_INFO = INCLUDE_SOURCE;
				MTL_FAST_MATH = YES;
				ONLY_ACTIVE_ARCH = YES;
				SDKROOT = iphoneos;
				SWIFT_ACTIVE_COMPILATION_CONDITIONS = "DEBUG $(inherited)";
				SWIFT_OPTIMIZATION_LEVEL = "-Onone";
			};
			name = Debug;
		};
		AB67D96F2E96067300CE6874 /* Release */ = {
			isa = XCBuildConfiguration;
			buildSettings = {
				ALWAYS_SEARCH_USER_PATHS = NO;
				ASSETCATALOG_COMPILER_GENERATE_SWIFT_ASSET_SYMBOL_EXTENSIONS = YES;
				CLANG_ANALYZER_NONNULL = YES;
				CLANG_ANALYZER_NUMBER_OBJECT_CONVERSION = YES_AGGRESSIVE;
				CLANG_CXX_LANGUAGE_STANDARD = "gnu++20";
				CLANG_ENABLE_MODULES = YES;
				CLANG_ENABLE_OBJC_ARC = YES;
				CLANG_ENABLE_OBJC_WEAK = YES;
				CLANG_WARN_BLOCK_CAPTURE_AUTORELEASING = YES;
				CLANG_WARN_BOOL_CONVERSION = YES;
				CLANG_WARN_COMMA = YES;
				CLANG_WARN_CONSTANT_CONVERSION = YES;
				CLANG_WARN_DEPRECATED_OBJC_IMPLEMENTATIONS = YES;
				CLANG_WARN_DIRECT_OBJC_ISA_USAGE = YES_ERROR;
				CLANG_WARN_DOCUMENTATION_COMMENTS = YES;
				CLANG_WARN_EMPTY_BODY = YES;
				CLANG_WARN_ENUM_CONVERSION = YES;
				CLANG_WARN_INFINITE_RECURSION = YES;
				CLANG_WARN_INT_CONVERSION = YES;
				CLANG_WARN_NON_LITERAL_NULL_CONVERSION = YES;
				CLANG_WARN_OBJC_IMPLICIT_RETAIN_SELF = YES;
				CLANG_WARN_OBJC_LITERAL_CONVERSION = YES;
				CLANG_WARN_OBJC_ROOT_CLASS = YES_ERROR;
				CLANG_WARN_QUOTED_INCLUDE_IN_FRAMEWORK_HEADER = YES;
				CLANG_WARN_RANGE_LOOP_ANALYSIS = YES;
				CLANG_WARN_STRICT_PROTOTYPES = YES;
				CLANG_WARN_SUSPICIOUS_MOVE = YES;
				CLANG_WARN_UNGUARDED_AVAILABILITY = YES_AGGRESSIVE;
				CLANG_WARN_UNREACHABLE_CODE = YES;
				CLANG_WARN__DUPLICATE_METHOD_MATCH = YES;
				COPY_PHASE_STRIP = NO;
				DEBUG_INFORMATION_FORMAT = "dwarf-with-dsym";
				DEVELOPMENT_TEAM = PGMR9WGF47;
				ENABLE_NS_ASSERTIONS = NO;
				ENABLE_STRICT_OBJC_MSGSEND = YES;
				ENABLE_USER_SCRIPT_SANDBOXING = YES;
				GCC_C_LANGUAGE_STANDARD = gnu17;
				GCC_NO_COMMON_BLOCKS = YES;
				GCC_WARN_64_TO_32_BIT_CONVERSION = YES;
				GCC_WARN_ABOUT_RETURN_TYPE = YES_ERROR;
				GCC_WARN_UNDECLARED_SELECTOR = YES;
				GCC_WARN_UNINITIALIZED_AUTOS = YES_AGGRESSIVE;
				GCC_WARN_UNUSED_FUNCTION = YES;
				GCC_WARN_UNUSED_VARIABLE = YES;
				IPHONEOS_DEPLOYMENT_TARGET = 18.5;
				LOCALIZATION_PREFERS_STRING_CATALOGS = YES;
				MTL_ENABLE_DEBUG_INFO = NO;
				MTL_FAST_MATH = YES;
				SDKROOT = iphoneos;
				SWIFT_COMPILATION_MODE = wholemodule;
				VALIDATE_PRODUCT = YES;
			};
			name = Release;
		};
		AB67D9712E96067300CE6874 /* Debug */ = {
			isa = XCBuildConfiguration;
			buildSettings = {
				ASSETCATALOG_COMPILER_APPICON_NAME = AppIcon;
				ASSETCATALOG_COMPILER_GLOBAL_ACCENT_COLOR_NAME = AccentColor;
				CODE_SIGN_STYLE = Automatic;
				CURRENT_PROJECT_VERSION = 1;
				DEVELOPMENT_TEAM = PGMR9WGF47;
				ENABLE_PREVIEWS = YES;
				GENERATE_INFOPLIST_FILE = YES;
				INFOPLIST_KEY_UIApplicationSceneManifest_Generation = YES;
				INFOPLIST_KEY_UIApplicationSupportsIndirectInputEvents = YES;
				INFOPLIST_KEY_UILaunchScreen_Generation = YES;
				INFOPLIST_KEY_UISupportedInterfaceOrientations_iPad = "UIInterfaceOrientationPortrait UIInterfaceOrientationPortraitUpsideDown UIInterfaceOrientationLandscapeLeft UIInterfaceOrientationLandscapeRight";
				INFOPLIST_KEY_UISupportedInterfaceOrientations_iPhone = "UIInterfaceOrientationPortrait UIInterfaceOrientationLandscapeLeft UIInterfaceOrientationLandscapeRight";
				LD_RUNPATH_SEARCH_PATHS = (
					"$(inherited)",
					"@executable_path/Frameworks",
				);
				MARKETING_VERSION = 1.0;
				PRODUCT_BUNDLE_IDENTIFIER = "com.etokoji.water-pump-controller";
				PRODUCT_NAME = "$(TARGET_NAME)";
				SWIFT_EMIT_LOC_STRINGS = YES;
				SWIFT_VERSION = 5.0;
				TARGETED_DEVICE_FAMILY = "1,2";
			};
			name = Debug;
		};
		AB67D9722E96067300CE6874 /* Release */ = {
			isa = XCBuildConfiguration;
			buildSettings = {
				ASSETCATALOG_COMPILER_APPICON_NAME = AppIcon;
				ASSETCATALOG_COMPILER_GLOBAL_ACCENT_COLOR_NAME = AccentColor;
				CODE_SIGN_STYLE = Automatic;
				CURRENT_PROJECT_VERSION = 1;
				DEVELOPMENT_TEAM = PGMR9WGF47;
				ENABLE_PREVIEWS = YES;
				GENERATE_INFOPLIST_FILE = YES;
				INFOPLIST_KEY_UIApplicationSceneManifest_Generation = YES;
				INFOPLIST_KEY_UIApplicationSupportsIndirectInputEvents = YES;
				INFOPLIST_KEY_UILaunchScreen_Generation = YES;
				INFOPLIST_KEY_UISupportedInterfaceOrientations_iPad = "UIInterfaceOrientationPortrait UIInterfaceOrientationPortraitUpsideDown UIInterfaceOrientationLandscapeLeft UIInterfaceOrientationLandscapeRight";
				INFOPLIST_KEY_UISupportedInterfaceOrientations_iPhone = "UIInterfaceOrientationPortrait UIInterfaceOrientationLandscapeLeft UIInterfaceOrientationLandscapeRight";
				LD_RUNPATH_SEARCH_PATHS = (
					"$(inherited)",
					"@executable_path/Frameworks",
				);
				MARKETING_VERSION = 1.0;
				PRODUCT_BUNDLE_IDENTIFIER = "com.etokoji.water-pump-controller";
				PRODUCT_NAME = "$(TARGET_NAME)";
				SWIFT_EMIT_LOC_STRINGS = YES;
				SWIFT_VERSION = 5.0;
				TARGETED_DEVICE_FAMILY = "1,2";
			};
			name = Release;
		};
		AB67D9742E96067300CE6874 /* Debug */ = {
			isa = XCBuildConfiguration;
			buildSettings = {
				BUNDLE_LOADER = "$(TEST_HOST)";
				CODE_SIGN_STYLE = Automatic;
				CURRENT_PROJECT_VERSION = 1;
				DEVELOPMENT_TEAM = PGMR9WGF47;
				GENERATE_INFOPLIST_FILE = YES;
				IPHONEOS_DEPLOYMENT_TARGET = 18.5;
				MARKETING_VERSION = 1.0;
				PRODUCT_BUNDLE_IDENTIFIER = "com.etokoji.water-pump-controllerTests";
				PRODUCT_NAME = "$(TARGET_NAME)";
				SWIFT_EMIT_LOC_STRINGS = NO;
				SWIFT_VERSION = 5.0;
				TARGETED_DEVICE_FAMILY = "1,2";
				TEST_HOST = "$(BUILT_PRODUCTS_DIR)/water-pump-controller.app/$(BUNDLE_EXECUTABLE_FOLDER_PATH)/water-pump-controller";
			};
			name = Debug;
		};
		AB67D9752E96067300CE6874 /* Release */ = {
			isa = XCBuildConfiguration;
			buildSettings = {
				BUNDLE_LOADER = "$(TEST_HOST)";
				CODE_SIGN_STYLE = Automatic;
				CURRENT_PROJECT_VERSION = 1;
				DEVELOPMENT_TEAM = PGMR9WGF47;
				GENERATE_INFOPLIST_FILE = YES;
				IPHONEOS_DEPLOYMENT_TARGET = 18.5;
				MARKETING_VERSION = 1.0;
				PRODUCT_BUNDLE_IDENTIFIER = "com.etokoji.water-pump-controllerTests";
				PRODUCT_NAME = "$(TARGET_NAME)";
				SWIFT_EMIT_LOC_STRINGS = NO;
				SWIFT_VERSION = 5.0;
				TARGETED_DEVICE_FAMILY = "1,2";
				TEST_HOST = "$(BUILT_PRODUCTS_DIR)/water-pump-controller.app/$(BUNDLE_EXECUTABLE_FOLDER_PATH)/water-pump-controller";
			};
			name = Release;
		};
		AB67D9772E96067300CE6874 /* Debug */ = {
			isa = XCBuildConfiguration;
			buildSettings = {
				CODE_SIGN_STYLE = Automatic;
				CURRENT_PROJECT_VERSION = 1;
				DEVELOPMENT_TEAM = PGMR9WGF47;
				GENERATE_INFOPLIST_FILE = YES;
				MARKETING_VERSION = 1.0;
				PRODUCT_BUNDLE_IDENTIFIER = "com.etokoji.water-pump-controllerUITests";
				PRODUCT_NAME = "$(TARGET_NAME)";
				SWIFT_EMIT_LOC_STRINGS = NO;
				SWIFT_VERSION = 5.0;
				TARGETED_DEVICE_FAMILY = "1,2";
				TEST_TARGET_NAME = "water-pump-controller";
			};
			name = Debug;
		};
		AB67D9782E96067300CE6874 /* Release */ = {
			isa = XCBuildConfiguration;
			buildSettings = {
				CODE_SIGN_STYLE = Automatic;
				CURRENT_PROJECT_VERSION = 1;
				DEVELOPMENT_TEAM = PGMR9WGF47;
				GENERATE_INFOPLIST_FILE = YES;
				MARKETING_VERSION = 1.0;
				PRODUCT_BUNDLE_IDENTIFIER = "com.etokoji.water-pump-controllerUITests";
				PRODUCT_NAME = "$(TARGET_NAME)";
				SWIFT_EMIT_LOC_STRINGS = NO;
				SWIFT_VERSION = 5.0;
				TARGETED_DEVICE_FAMILY = "1,2";
				TEST_TARGET_NAME = "water-pump-controller";
			};
			name = Release;
		};
/* End XCBuildConfiguration section */

/* Begin XCConfigurationList section */
		AB67D94A2E96067100CE6874 /* Build configuration list for PBXProject "water-pump-controller" */ = {
			isa = XCConfigurationList;
			buildConfigurations = (
				AB67D96E2E96067300CE6874 /* Debug */,
				AB67D96F2E96067300CE6874 /* Release */,
			);
			defaultConfigurationIsVisible = 0;
			defaultConfigurationName = Release;
		};
		AB67D9702E96067300CE6874 /* Build configuration list for PBXNativeTarget "water-pump-controller" */ = {
			isa = XCConfigurationList;
			buildConfigurations = (
				AB67D9712E96067300CE6874 /* Debug */,
				AB67D9722E96067300CE6874 /* Release */,
			);
			defaultConfigurationIsVisible = 0;
			defaultConfigurationName = Release;
		};
		AB67D9732E96067300CE6874 /* Build configuration list for PBXNativeTarget "water-pump-controllerTests" */ = {
			isa = XCConfigurationList;
			buildConfigurations = (
				AB67D9742E96067300CE6874 /* Debug */,
				AB67D9752E96067300CE6874 /* Release */,
			);
			defaultConfigurationIsVisible = 0;
			defaultConfigurationName = Release;
		};
		AB67D9762E96067300CE6874 /* Build configuration list for PBXNativeTarget "water-pump-controllerUITests" */ = {
			isa = XCConfigurationList;
			buildConfigurations = (
				AB67D9772E96067300CE6874 /* Debug */,
				AB67D9782E96067300CE6874 /* Release */,
			);
			defaultConfigurationIsVisible = 0;
			defaultConfigurationName = Release;
		};
/* End XCConfigurationList section */
	};
	rootObject = AB67D9472E96067100CE6874 /* Project object */;
}
